// !$*UTF8*$!
{
	archiveVersion = 1;
	classes = {
	};
	objectVersion = 46;
	objects = {

/* Begin PBXBuildFile section */
		9C51A9121E655E5D0051117F /* RCTCallDetector.m in Sources */ = {isa = PBXBuildFile; fileRef = 9C51A9111E655E5D0051117F /* RCTCallDetector.m */; };
		9C51A9131E655E5D0051117F /* RCTCallDetector.h in CopyFiles */ = {isa = PBXBuildFile; fileRef = 9C51A9101E655E5D0051117F /* RCTCallDetector.h */; };
/* End PBXBuildFile section */

/* Begin PBXCopyFilesBuildPhase section */
		9C51A90B1E655E5D0051117F /* CopyFiles */ = {
			isa = PBXCopyFilesBuildPhase;
			buildActionMask = 2147483647;
			dstPath = "include/$(PRODUCT_NAME)";
			dstSubfolderSpec = 16;
			files = (
				9C51A9131E655E5D0051117F /* RCTCallDetector.h in CopyFiles */,
			);
			runOnlyForDeploymentPostprocessing = 0;
		};
/* End PBXCopyFilesBuildPhase section */

/* Begin PBXFileReference section */
		9C51A90D1E655E5D0051117F /* libRCTCallDetector.a */ = {isa = PBXFileReference; explicitFileType = archive.ar; includeInIndex = 0; path = libRCTCallDetector.a; sourceTree = BUILT_PRODUCTS_DIR; };
		9C51A9101E655E5D0051117F /* RCTCallDetector.h */ = {isa = PBXFileReference; lastKnownFileType = sourcecode.c.h; path = RCTCallDetector.h; sourceTree = "<group>"; };
		9C51A9111E655E5D0051117F /* RCTCallDetector.m */ = {isa = PBXFileReference; lastKnownFileType = sourcecode.c.objc; path = RCTCallDetector.m; sourceTree = "<group>"; };
/* End PBXFileReference section */

/* Begin PBXFrameworksBuildPhase section */
		9C51A90A1E655E5D0051117F /* Frameworks */ = {
			isa = PBXFrameworksBuildPhase;
			buildActionMask = 2147483647;
			files = (
			);
			runOnlyForDeploymentPostprocessing = 0;
		};
/* End PBXFrameworksBuildPhase section */

/* Begin PBXGroup section */
		9C51A9041E655E5D0051117F = {
			isa = PBXGroup;
			children = (
				9C51A90F1E655E5D0051117F /* RCTCallDetector */,
				9C51A90E1E655E5D0051117F /* Products */,
			);
			sourceTree = "<group>";
		};
		9C51A90E1E655E5D0051117F /* Products */ = {
			isa = PBXGroup;
			children = (
				9C51A90D1E655E5D0051117F /* libRCTCallDetector.a */,
			);
			name = Products;
			sourceTree = "<group>";
		};
		9C51A90F1E655E5D0051117F /* RCTCallDetector */ = {
			isa = PBXGroup;
			children = (
				9C51A9101E655E5D0051117F /* RCTCallDetector.h */,
				9C51A9111E655E5D0051117F /* RCTCallDetector.m */,
			);
			path = RCTCallDetector;
			sourceTree = "<group>";
		};
/* End PBXGroup section */

/* Begin PBXNativeTarget section */
		9C51A90C1E655E5D0051117F /* RCTCallDetector */ = {
			isa = PBXNativeTarget;
			buildConfigurationList = 9C51A9161E655E5D0051117F /* Build configuration list for PBXNativeTarget "RCTCallDetector" */;
			buildPhases = (
				9C51A9091E655E5D0051117F /* Sources */,
				9C51A90A1E655E5D0051117F /* Frameworks */,
				9C51A90B1E655E5D0051117F /* CopyFiles */,
			);
			buildRules = (
			);
			dependencies = (
			);
			name = RCTCallDetector;
			productName = RCTCallDetector;
			productReference = 9C51A90D1E655E5D0051117F /* libRCTCallDetector.a */;
			productType = "com.apple.product-type.library.static";
		};
/* End PBXNativeTarget section */

/* Begin PBXProject section */
		9C51A9051E655E5D0051117F /* Project object */ = {
			isa = PBXProject;
			attributes = {
				LastUpgradeCheck = 0820;
				ORGANIZATIONNAME = Liaoyuan;
				TargetAttributes = {
					9C51A90C1E655E5D0051117F = {
						CreatedOnToolsVersion = 8.2.1;
						DevelopmentTeam = ZWU26SS8JD;
						ProvisioningStyle = Automatic;
					};
				};
			};
			buildConfigurationList = 9C51A9081E655E5D0051117F /* Build configuration list for PBXProject "RCTCallDetector" */;
			compatibilityVersion = "Xcode 3.2";
			developmentRegion = English;
			hasScannedForEncodings = 0;
			knownRegions = (
				en,
			);
			mainGroup = 9C51A9041E655E5D0051117F;
			productRefGroup = 9C51A90E1E655E5D0051117F /* Products */;
			projectDirPath = "";
			projectRoot = "";
			targets = (
				9C51A90C1E655E5D0051117F /* RCTCallDetector */,
			);
		};
/* End PBXProject section */

/* Begin PBXSourcesBuildPhase section */
		9C51A9091E655E5D0051117F /* Sources */ = {
			isa = PBXSourcesBuildPhase;
			buildActionMask = 2147483647;
			files = (
				9C51A9121E655E5D0051117F /* RCTCallDetector.m in Sources */,
			);
			runOnlyForDeploymentPostprocessing = 0;
		};
/* End PBXSourcesBuildPhase section */

/* Begin XCBuildConfiguration section */
		9C51A9141E655E5D0051117F /* Debug */ = {
			isa = XCBuildConfiguration;
			buildSettings = {
				ALWAYS_SEARCH_USER_PATHS = NO;
				CLANG_ANALYZER_NONNULL = YES;
				CLANG_CXX_LANGUAGE_STANDARD = "gnu++0x";
				CLANG_CXX_LIBRARY = "libc++";
				CLANG_ENABLE_MODULES = YES;
				CLANG_ENABLE_OBJC_ARC = YES;
				CLANG_WARN_BOOL_CONVERSION = YES;
				CLANG_WARN_CONSTANT_CONVERSION = YES;
				CLANG_WARN_DIRECT_OBJC_ISA_USAGE = YES_ERROR;
				CLANG_WARN_DOCUMENTATION_COMMENTS = YES;
				CLANG_WARN_EMPTY_BODY = YES;
				CLANG_WARN_ENUM_CONVERSION = YES;
				CLANG_WARN_INFINITE_RECURSION = YES;
				CLANG_WARN_INT_CONVERSION = YES;
				CLANG_WARN_OBJC_ROOT_CLASS = YES_ERROR;
				CLANG_WARN_SUSPICIOUS_MOVE = YES;
				CLANG_WARN_UNREACHABLE_CODE = YES;
				CLANG_WARN__DUPLICATE_METHOD_MATCH = YES;
				"CODE_SIGN_IDENTITY[sdk=iphoneos*]" = "iPhone Developer";
				COPY_PHASE_STRIP = NO;
				DEBUG_INFORMATION_FORMAT = dwarf;
				ENABLE_STRICT_OBJC_MSGSEND = YES;
				ENABLE_TESTABILITY = YES;
				GCC_C_LANGUAGE_STANDARD = gnu99;
				GCC_DYNAMIC_NO_PIC = NO;
				GCC_NO_COMMON_BLOCKS = YES;
				GCC_OPTIMIZATION_LEVEL = 0;
				GCC_PREPROCESSOR_DEFINITIONS = (
					"DEBUG=1",
					"$(inherited)",
				);
				GCC_WARN_64_TO_32_BIT_CONVERSION = YES;
				GCC_WARN_ABOUT_RETURN_TYPE = YES_ERROR;
				GCC_WARN_UNDECLARED_SELECTOR = YES;
				GCC_WARN_UNINITIALIZED_AUTOS = YES_AGGRESSIVE;
				GCC_WARN_UNUSED_FUNCTION = YES;
				GCC_WARN_UNUSED_VARIABLE = YES;
				HEADER_SEARCH_PATHS = "";
				IPHONEOS_DEPLOYMENT_TARGET = 10.2;
				MTL_ENABLE_DEBUG_INFO = YES;
				ONLY_ACTIVE_ARCH = YES;
				SDKROOT = iphoneos;
			};
			name = Debug;
		};
		9C51A9151E655E5D0051117F /* Release */ = {
			isa = XCBuildConfiguration;
			buildSettings = {
				ALWAYS_SEARCH_USER_PATHS = NO;
				CLANG_ANALYZER_NONNULL = YES;
				CLANG_CXX_LANGUAGE_STANDARD = "gnu++0x";
				CLANG_CXX_LIBRARY = "libc++";
				CLANG_ENABLE_MODULES = YES;
				CLANG_ENABLE_OBJC_ARC = YES;
				CLANG_WARN_BOOL_CONVERSION = YES;
				CLANG_WARN_CONSTANT_CONVERSION = YES;
				CLANG_WARN_DIRECT_OBJC_ISA_USAGE = YES_ERROR;
				CLANG_WARN_DOCUMENTATION_COMMENTS = YES;
				CLANG_WARN_EMPTY_BODY = YES;
				CLANG_WARN_ENUM_CONVERSION = YES;
				CLANG_WARN_INFINITE_RECURSION = YES;
				CLANG_WARN_INT_CONVERSION = YES;
				CLANG_WARN_OBJC_ROOT_CLASS = YES_ERROR;
				CLANG_WARN_SUSPICIOUS_MOVE = YES;
				CLANG_WARN_UNREACHABLE_CODE = YES;
				CLANG_WARN__DUPLICATE_METHOD_MATCH = YES;
				"CODE_SIGN_IDENTITY[sdk=iphoneos*]" = "iPhone Developer";
				COPY_PHASE_STRIP = NO;
				DEBUG_INFORMATION_FORMAT = "dwarf-with-dsym";
				ENABLE_NS_ASSERTIONS = NO;
				ENABLE_STRICT_OBJC_MSGSEND = YES;
				GCC_C_LANGUAGE_STANDARD = gnu99;
				GCC_NO_COMMON_BLOCKS = YES;
				GCC_WARN_64_TO_32_BIT_CONVERSION = YES;
				GCC_WARN_ABOUT_RETURN_TYPE = YES_ERROR;
				GCC_WARN_UNDECLARED_SELECTOR = YES;
				GCC_WARN_UNINITIALIZED_AUTOS = YES_AGGRESSIVE;
				GCC_WARN_UNUSED_FUNCTION = YES;
				GCC_WARN_UNUSED_VARIABLE = YES;
				HEADER_SEARCH_PATHS = "";
				IPHONEOS_DEPLOYMENT_TARGET = 10.2;
				MTL_ENABLE_DEBUG_INFO = NO;
				SDKROOT = iphoneos;
				VALIDATE_PRODUCT = YES;
			};
			name = Release;
		};
		9C51A9171E655E5D0051117F /* Debug */ = {
			isa = XCBuildConfiguration;
			buildSettings = {
				DEVELOPMENT_TEAM = ZWU26SS8JD;
				OTHER_LDFLAGS = "-ObjC";
				PRODUCT_NAME = "$(TARGET_NAME)";
				SKIP_INSTALL = YES;
			};
			name = Debug;
		};
		9C51A9181E655E5D0051117F /* Release */ = {
			isa = XCBuildConfiguration;
			buildSettings = {
				DEVELOPMENT_TEAM = ZWU26SS8JD;
				OTHER_LDFLAGS = "-ObjC";
				PRODUCT_NAME = "$(TARGET_NAME)";
				SKIP_INSTALL = YES;
			};
			name = Release;
		};
/* End XCBuildConfiguration section */

/* Begin XCConfigurationList section */
		9C51A9081E655E5D0051117F /* Build configuration list for PBXProject "RCTCallDetector" */ = {
			isa = XCConfigurationList;
			buildConfigurations = (
				9C51A9141E655E5D0051117F /* Debug */,
				9C51A9151E655E5D0051117F /* Release */,
			);
			defaultConfigurationIsVisible = 0;
			defaultConfigurationName = Release;
		};
		9C51A9161E655E5D0051117F /* Build configuration list for PBXNativeTarget "RCTCallDetector" */ = {
			isa = XCConfigurationList;
			buildConfigurations = (
				9C51A9171E655E5D0051117F /* Debug */,
				9C51A9181E655E5D0051117F /* Release */,
			);
			defaultConfigurationIsVisible = 0;
		};
/* End XCConfigurationList section */
	};
	rootObject = 9C51A9051E655E5D0051117F /* Project object */;
}
